github.com/atotto/clipboard v0.1.4 h1:EH0zSVneZPSuFR11BlR9YppQTVDbh5+16AmcJi4g1z4=
github.com/atotto/clipboard v0.1.4/go.mod h1:ZY9tmq7sm5xIbd9bOK4onWV4S6X0u6GY7Vn0Yu86PYI=
github.com/aymanbagabas/go-pty v0.2.3 h1:hsqcTIUV8I4iTSh3HQl61CR2wh0YPS6gHOYLhAfWu/E=
github.com/aymanbagabas/go-pty v0.2.3/go.mod h1:GLkgQovzqN5A1xMB79yHWiG1rhcquZCjkwKQGKFPdPg=
github.com/creack/pty v1.1.24 h1:bJrF4RRfyJnbTJqzRLHzcGaZK1NeM5kTC9jGgovnR1s=
github.com/creack/pty v1.1.24/go.mod h1:08sCNb52WyoAwi2QDyzUCTgcvVFhUzewun7wtTfvcwE=
github.com/danielgatis/go-utf8 v1.0.1 h1:0tXC3eI9I+11X3DwF46Auqjcq1KrsQCQsaI8k/ymGhU=
github.com/danielgatis/go-utf8 v1.0.1/go.mod h1:TGCny5E5wwT7AHD5cAj941LnjZLTqcHXlK4Zq0FqDPw=
github.com/danielgatis/go-vte v1.0.11 h1:xcVrqdCqP08zhSW0rn7tETpz3QMEJOvkoLhd2VYU0SQ=
github.com/danielgatis/go-vte v1.0.11/go.mod h1:ITnFCD8DqOM9TPhxvxcGABmbcUfC1yJsb3e+l2NCKJQ=
github.com/davecgh/go-spew v1.1.1 h1:vj9j/u1bqnvCEfJOwUhtlOARqs3+rkHYY13jYWTU97c=
github.com/davecgh/go-spew v1.1.1/go.mod h1:J7Y8YcW2NihsgmVo/mv3lAwl/skON4iLHjSsI+c5H38=
github.com/ebitengine/gomobile v0.0.0-20260820040257-d11f821a26a6 h1:Tnc3YtzxhgsvNdNrER9wWkGJbyjOwyUuzjUY5rZK72k=
github.com/ebitengine/gomobile v0.0.0-20260820040257-d11f821a26a6/go.mod h1:gwnFEwdzWZpNehgwkeK4756Ez58f58bXz6bgEAq+xqk=
github.com/ebitengine/hideconsole v1.0.0 h1:5J4U0kXF+pv/DhiXt5/lTz0eO5ogJ1iXb8Yj1yReDqE=
github.com/ebitengine/hideconsole v1.0.0/go.mod h1:hTTBTvVYWKBuxPr7peweneWdkUwEuHuB3C1R/ielR1A=
github.com/ebitengine/purego v0.11.0 h1:jhp/D+Nyv7UUW8HAcmcjt2N2rYrYi9m3SL21k0Ua/NI=
github.com/ebitengine/purego v0.11.0/go.mod h1:DCHPP08djqhNSoTfImcnHYQRZmd0qhakvrozqaEYhGQ=
github.com/go-text/typesetting v0.3.5 h1:XZPUooClHY0Vf/rFyUyuPRNEkawARaFzLMQcXLSEyPk=
github.com/go-text/typesetting v0.3.5/go.mod h1:XZO1hD+nQVyvVa5IicQk7FsCa4PFQaJ2soWAP1f//68=
github.com/go-text/typesetting-utils v0.0.0-20260419141703-4ffe8874dabc h1:8FGo2It5K75XkavhTiCKExUfVaVDS1feBnLCru5qeoY=
github.com/go-text/typesetting-utils v0.0.0-20260419141703-4ffe8874dabc/go.mod h1:3/62I4La/HBRX9TcTpBj4eipLiwzf+vhI+7whTc9V7o=
github.com/godbus/dbus/v5 v5.2.2 h1:TUR3TgtSVDmjiXOgAAyaZbYmIeP3DPkld3jgKGV8mXQ=
github.com/godbus/dbus/v5 v5.2.2/go.mod h1:3AAv2+hPq5rdnr5txxxRwiGjPXamgoIHgz9FPBfOp3c=
github.com/hugelgupf/vmtest v0.0.0-20240307030256-5d9f3d34a58d h1:nP8SfQJqruIVSWYJTuYc37jLHEY1Z0fF+zKSrs3K/C8=
github.com/hugelgupf/vmtest v0.0.0-20240307030256-5d9f3d34a58d/go.mod h1:B63hDJMhTupLWCHwopAyEo7wRFowx9kOc8m8j1sfOqE=
github.com/kr/fs v0.1.0 h1:Jskdu9ieNAYnjxsi0LbQp1ulIKZV1LAFgK1tWhpZgl8=
github.com/kr/fs v0.1.0/go.mod h1:FFnZGqtBN9Gxj7eW1uZ42v5BccTP0vu6NEaFoC2HwRg=
github.com/marrasen/ebiten/v2 v2.10.2-gt.1 h1:0+r3+ea9Zw8gUttbm0QN5Hpz3n8b9556RvNVoaf/ngM=
github.com/marrasen/ebiten/v2 v2.10.2-gt.1/go.mod h1:47QNgyS/y2ZRkjVUvlGLx8a+F7MSjcn8/GsjcCZ9Rc8=
github.com/marrasen/gunim v0.0.0-20260925130754-868ba4489a6f h1:XDH2lxq7w91YnoaibgkduTv6V6tmui2gs4Fj2l/Yrgk=
github.com/marrasen/gunim v0.0.0-20260925130754-868ba4489a6f/go.mod h1:dqvMZdl0IQcmrgUv+tCRZboXPSHrLnELmbbh3jOrx9w=
github.com/marrasen/gunim v0.0.0-20260925162659-913e26dbe6b1 h1:6m0UjPJl3gw04YGNhsqX019MTrHDRcdUcirZghwBlrc=
github.com/marrasen/gunim v0.0.0-20260925162659-913e26dbe6b1/go.mod h1:dqvMZdl0IQcmrgUv+tCRZboXPSHrLnELmbbh3jOrx9w=
github.com/marrasen/gunim v0.0.0-20260925163238-aa3df50adfd0 h1:lx9cPj3SyMmP+7/B6a09T7qxv67fXIJhBuJAMKM4zfw=
github.com/marrasen/gunim v0.0.0-20260925163238-aa3df50adfd0/go.mod h1:dqvMZdl0IQcmrgUv+tCRZboXPSHrLnELmbbh3jOrx9w=
github.com/marrasen/gunim v0.0.0-20260925163618-53c34a99f93c h1:+8isbRIWOhc6RCU6ukX7PBzCZbdF8VOmD41rhw7LoME=
github.com/marrasen/gunim v0.0.0-20260925163618-53c34a99f93c/go.mod h1:dqvMZdl0IQcmrgUv+tCRZboXPSHrLnELmbbh3jOrx9w=
github.com/marrasen/gunim v0.0.0-20260925164117-c724b3a01f81 h1:YCQXe4l4NJCyInG94KWee7OVYqg/CU+UBI8Jwh70mGs=
github.com/marrasen/gunim v0.0.0-20260925164117-c724b3a01f81/go.mod h1:dqvMZdl0IQcmrgUv+tCRZboXPSHrLnELmbbh3jOrx9w=
github.com/marrasen/gunim v0.0.0-20260925170529-95045afc888a h1:gG+XDo9sbkQnPvS6BsLCL6vkfx3tAHcf7sJPnfruJd0=
github.com/marrasen/gunim v0.0.0-20260925170529-95045afc888a/go.mod h1:dqvMZdl0IQcmrgUv+tCRZboXPSHrLnELmbbh3jOrx9w=
github.com/marrasen/gunim v0.0.0-20260925171114-fff189c70746 h1:wbi33SsfyWHtpXPBmbuNz10hPxABPFf/KTeDkNJshiw=
github.com/marrasen/gunim v0.0.0-20260925171114-fff189c70746/go.mod h1:dqvMZdl0IQcmrgUv+tCRZboXPSHrLnELmbbh3jOrx9w=
github.com/marrasen/gunim v0.0.0-20260925171413-cbdfff72c870 h1:n03iAU5eAwTaxWUiCJ7lWn2MWVuuhK1n3vOqoWaOySY=
github.com/marrasen/gunim v0.0.0-20260925171413-cbdfff72c870/go.mod h1:dqvMZdl0IQcmrgUv+tCRZboXPSHrLnELmbbh3jOrx9w=
github.com/marrasen/gunim v0.0.0-20260925175819-24315704058f h1:X2AbL/XFCxHb195qWL8FbeWhK/gGGclLRHUoXmTrejI=
github.com/marrasen/gunim v0.0.0-20260925175819-24315704058f/go.mod h1:dqvMZdl0IQcmrgUv+tCRZboXPSHrLnELmbbh3jOrx9w=
github.com/marrasen/gunim v0.0.0-20260925180317-437f0289c3cc h1:4Ej/B0dZV/jhsQfDJoWTkm/mhUp/Ta0ita3MZVAqOSg=
github.com/marrasen/gunim v0.0.0-20260925180317-437f0289c3cc/go.mod h1:dqvMZdl0IQcmrgUv+tCRZboXPSHrLnELmbbh3jOrx9w=
github.com/marrasen/gunim v0.0.0-20260925180722-9e97e13b677b h1:pdL8VmrXobmXlKqsGuCOB9X978Oezy3C3txsME4uukc=
github.com/marrasen/gunim v0.0.0-20260925180722-9e97e13b677b/go.mod h1:dqvMZdl0IQcmrgUv+tCRZboXPSHrLnELmbbh3jOrx9w=
github.com/marrasen/gunim v0.0.0-20260925181452-5d3e1d3bd041 h1:y6jJBCMnmkPFjoA6VQGvRPBAxBhLoZXiko7q+GvWLkE=
github.com/marrasen/gunim v0.0.0-20260925181452-5d3e1d3bd041/go.mod h1:dqvMZdl0IQcmrgUv+tCRZboXPSHrLnELmbbh3jOrx9w=
github.com/marrasen/gunim v0.0.0-20260925184417-52e2872b10fc h1:3j80njkvp/HQIwToKzTDkmL91n69ypb88wSqPgT697o=
github.com/marrasen/gunim v0.0.0-20260925184417-52e2872b10fc/go.mod h1:dqvMZdl0IQcmrgUv+tCRZboXPSHrLnELmbbh3jOrx9w=
github.com/marrasen/gunim v0.0.0-20260925184715-8d28242314c1 h1:5Xm4I+/m81hwzEXo647I+pgzxj6EauU3RaaWgkABzFU=
github.com/marrasen/gunim v0.0.0-20260925184715-8d28242314c1/go.mod h1:dqvMZdl0IQcmrgUv+tCRZboXPSHrLnELmbbh3jOrx9w=
github.com/marrasen/gunim v0.0.0-20260925200211-a7ba46835d8b h1:Jgb5y0QzG2Zq98baUNBhH5ypcnovXebzSn6Q7TKqjR8=
github.com/marrasen/gunim v0.0.0-20260925200211-a7ba46835d8b/go.mod h1:dqvMZdl0IQcmrgUv+tCRZboXPSHrLnELmbbh3jOrx9w=
github.com/marrasen/gunim v0.0.0-20260925213215-7f6de2fca731 h1:o8ElJFsAnEJ0pl4JvJWUnjrtlQSCc9Jt7YhP5v6Brf0=
github.com/marrasen/gunim v0.0.0-20260925213215-7f6de2fca731/go.mod h1:dqvMZdl0IQcmrgUv+tCRZboXPSHrLnELmbbh3jOrx9w=
github.com/marrasen/gunim v0.0.0-20260925213412-cb0cae6357c1 h1:qXKSPdnN5QSc5DpBfhhNiykdflcwcmYwXHGyvJf1u/0=
github.com/marrasen/gunim v0.0.0-20260925213412-cb0cae6357c1/go.mod h1:dqvMZdl0IQcmrgUv+tCRZboXPSHrLnELmbbh3jOrx9w=
github.com/marrasen/gunim v0.0.0-20260925225832-b487bc641e3f h1:DYlxI2qyD8knu3kf5EKpSVenea6d7gx++pSIvshVmMc=
github.com/marrasen/gunim v0.0.0-20260925225832-b487bc641e3f/go.mod h1:dqvMZdl0IQcmrgUv+tCRZboXPSHrLnELmbbh3jOrx9w=
github.com/marrasen/gunim v0.0.0-20260925232122-ad6a7443f08f h1:L7rVWJJaUkzgiCWpZHy65TdyrmKBxTybldSLZbs3R4A=
github.com/marrasen/gunim v0.0.0-20260925232122-ad6a7443f08f/go.mod h1:dqvMZdl0IQcmrgUv+tCRZboXPSHrLnELmbbh3jOrx9w=
github.com/marrasen/gunim v0.0.0-20260925233709-cf9423b14c88 h1:PlvbZlXoUAZ9rbW8nW6LYWSreroJRcmLiUlgQ67SIBM=
github.com/marrasen/gunim v0.0.0-20260925233709-cf9423b14c88/go.mod h1:dqvMZdl0IQcmrgUv+tCRZboXPSHrLnELmbbh3jOrx9w=
github.com/marrasen/gunim v0.0.0-20260926001448-d9f71cdec35f h1:yu1YiiV1sAfVJcd9Mm4KF3yixsmaeF4jB25V/ohTytk=
github.com/marrasen/gunim v0.0.0-20260926001448-d9f71cdec35f/go.mod h1:dqvMZdl0IQcmrgUv+tCRZboXPSHrLnELmbbh3jOrx9w=
github.com/marrasen/gunim v0.0.0-20260926002031-fce4ac22682a h1:aHFhP2sZYqGVj5OTfghCrgdFOUyiCzgG7LCjwYuXoEA=
github.com/marrasen/gunim v0.0.0-20260926002031-fce4ac22682a/go.mod h1:dqvMZdl0IQcmrgUv+tCRZboXPSHrLnELmbbh3jOrx9w=
github.com/marrasen/gunim v0.0.0-20260926040317-7db1391d0895 h1:N5+p418/LvkJUFpHS5es3iMfcGUv2JLqJBa8YINyhec=
github.com/marrasen/gunim v0.0.0-20260926040317-7db1391d0895/go.mod h1:dqvMZdl0IQcmrgUv+tCRZboXPSHrLnELmbbh3jOrx9w=
github.com/marrasen/gunim v0.0.0-20260926043247-5a09cdc50461 h1:WUHF2HwafaKcKfJI25/NNFaK5FjgKsD9r32WQUnUi4M=
github.com/marrasen/gunim v0.0.0-20260926043247-5a09cdc50461/go.mod h1:dqvMZdl0IQcmrgUv+tCRZboXPSHrLnELmbbh3jOrx9w=
github.com/marrasen/gunim v0.0.0-20260926073340-3f6629ce23a9 h1:dYxAEbCqV59Fdz9QMBPmdZgyCPELMaI7taVGWkolznE=
github.com/marrasen/gunim v0.0.0-20260926073340-3f6629ce23a9/go.mod h1:dqvMZdl0IQcmrgUv+tCRZboXPSHrLnELmbbh3jOrx9w=
github.com/marrasen/gunim v0.0.0-20260926073721-adabfc2f39ff h1:DhIVRLcSTFX3+J+aP7aupp7wqIGd0VFNky+i3j+hqqg=
github.com/marrasen/gunim v0.0.0-20260926073721-adabfc2f39ff/go.mod h1:dqvMZdl0IQcmrgUv+tCRZboXPSHrLnELmbbh3jOrx9w=
github.com/marrasen/gunim v0.0.0-20260926075341-db35474498cf h1:TzQOHV6Z0WXfF/YuIxYSxE0fYh7KdzlOnJMO2EtBmaQ=
github.com/marrasen/gunim v0.0.0-20260926075341-db35474498cf/go.mod h1:dqvMZdl0IQcmrgUv+tCRZboXPSHrLnELmbbh3jOrx9w=
github.com/marrasen/gunim v0.0.0-20260926081043-45cff99aeab2 h1:AfsCaEbu3lo+z/InypGE6plq1nAIEtBjgg6/AdfFudQ=
github.com/marrasen/gunim v0.0.0-20260926081043-45cff99aeab2/go.mod h1:dqvMZdl0IQcmrgUv+tCRZboXPSHrLnELmbbh3jOrx9w=
github.com/marrasen/gunim v0.0.0-20260926082221-c3762b0f5465 h1:yNMJKl2ZMVqAH2mHk/6BcjsJg/ZxKlyel9LD1g4EUHo=
github.com/marrasen/gunim v0.0.0-20260926082221-c3762b0f5465/go.mod h1:dqvMZdl0IQcmrgUv+tCRZboXPSHrLnELmbbh3jOrx9w=
github.com/marrasen/gunim v0.0.0-20260926084354-e232d16df65f h1:k4rw0RlAHFQn5XC8DHmlkfT2Ft+L54IxtpUaC/uzY/s=
github.com/marrasen/gunim v0.0.0-20260926084354-e232d16df65f/go.mod h1:dqvMZdl0IQcmrgUv+tCRZboXPSHrLnELmbbh3jOrx9w=
github.com/pkg/sftp v1.13.11 h1:0N92SLTB8JqASJB14ZLHHzFnBV8mG9zw4K7jghEFWuE=
github.com/pkg/sftp v1.13.11/go.mod h1:uNkH9roSXglNJqM+glJJi+TQXQUm0fXFWqCFmT8hsN0=
github.com/pmezard/go-difflib v1.0.0 h1:4DBwDE0NGyQoBHbLQYPwSUPoCMWR5BEzIk/f1lZbAQM=
github.com/pmezard/go-difflib v1.0.0/go.mod h1:iKH77koFhYxTK1pcRnkKkqfTogsbg7gZNVY4sRDYZ/4=
github.com/rivo/uniseg v0.4.7 h1:WUdvkW8uEhrYfLC4ZzdpI2ztxP1I582+49Oc5Mq64VQ=
github.com/rivo/uniseg v0.4.7/go.mod h1:FN3SvrM+Zdj16jyLfmOkMNblXMcoc8DfTHruCPUcx88=
github.com/stretchr/testify v1.11.1 h1:7s2iGBzp5EwR7/aIZr8ao5+dra3wiQyKjjFuvgVKu7U=
github.com/stretchr/testify v1.11.1/go.mod h1:wZwfW3scLgRK+23gO65QZefKpKQRnfz6sD981Nm4B6U=
github.com/u-root/gobusybox/src v0.0.0-20250101170133-2e884e4509c7 h1:dtiVT4SeBUc/vHtwI2HjDZN+FCKTstQBxugIxJEGo9g=
github.com/u-root/gobusybox/src v0.0.0-20250101170133-2e884e4509c7/go.mod h1:PW3wGFCHjdHxAhra5FKvcARbCGqGfentYuPKmuhv8DY=
github.com/u-root/u-root v0.16.0 h1:wY40O83MBVks97+Is0WlFlOPSwKQMIrWP9R1IsrExg8=
github.com/u-root/u-root v0.16.0/go.mod h1:yL/XdSSW27PdGLgUh4MNRBy54mKM+TBLzpwiB4nwj90=
golang.design/x/clipboard v0.9.0 h1:DIN7Fur+vO3WM22WlSx7aXmYmqdvjE2OAkoPuMZ9OTA=
golang.design/x/clipboard v0.9.0/go.mod h1:s0pwrtA3Q9fgnVtGDmP5ZK/pp55cQKB23esKsjwWhWM=
golang.design/x/x11 v0.2.0 h1:Uiwu2guGihsJX/ZCzpoDPFz5gR/Qntm08mvoBCmRydo=
golang.design/x/x11 v0.2.0/go.mod h1:/5q1mFkdc1rL8mvB7DsQFi6as4tIkBv4FXjcP07mrkE=
golang.org/x/crypto v0.57.0 h1:3ZVCjf8Ggz7zneR/EHRVx68Ctf+2pmIMP2UFhh9cC6M=
golang.org/x/crypto v0.57.0/go.mod h1:Fdz0i5U6CoizGwLda9DttjSk6qlZo25zYNtR+ycvuZA=
golang.org/x/exp/shiny v0.0.0-20250606033433-dcc06ee1d476 h1:Wdx0vgH5Wgsw+lF//LJKmWOJBLWX6nprsMqnf99rYDE=
golang.org/x/exp/shiny v0.0.0-20250606033433-dcc06ee1d476/go.mod h1:ygj7T6vSGhhm/9yTpOQQNvuAUFziTH7RUiH74EoE2C8=
golang.org/x/image v0.45.0 h1:FMb1nTbH5H9vF55SriQHgFw5GnNL9Jg6L25BwXKzhB0=
golang.org/x/image v0.45.0/go.mod h1:n62x/7RqlwXDvGsSU4u6IUTUf6KghUZ9Bt7cG/T9Fx4=
golang.org/x/mobile v0.0.0-20250606033058-a2a15c67f36f h1:/n+PL2HlfqeSiDCuhdBbRNlGS/g2fM4OHufalHaTVG8=
golang.org/x/mobile v0.0.0-20250606033058-a2a15c67f36f/go.mod h1:ESkJ836Z6LpG6mTVAhA48LpfW/8fNR0ifStlH2axyfg=
golang.org/x/mod v0.41.0 h1:qJmnOUb4YB+FsEuM3HcWucdZASCPGhsX6uljO6pog0c=
golang.org/x/mod v0.41.0/go.mod h1:Ek9pY8RKWXwsWvd3rQiHYtMqkjSUV+s1Rj7j4H5Ur6o=
golang.org/x/sync v0.23.0 h1:KameEIfc1IkluZyXWLn39Wd4tURc6GbCiISGiZm2bQk=
golang.org/x/sync v0.23.0/go.mod h1:sUUOizhqBxiL6pEWpqNLUiaJn1ShEbZ6BBqskPbjZm0=
golang.org/x/sys v0.48.0 h1:bbX/i/6MgT9BVLM9RT1thmxL04yeTAhbEz4SyadbXoo=
golang.org/x/sys v0.48.0/go.mod h1:hNLxWAXmnKAxqDtdwIYC4bM9oQPEecfsnNMuSxOs3og=
golang.org/x/term v0.46.0 h1:3+OXuTbaKDgwk8jTi3aSLHRlmWqHEUDUtxnbFigO4YE=
golang.org/x/term v0.46.0/go.mod h1:+K02xbkittuwc0Am4abfA3Fc+XRGXkvBXNO88NCXPoc=
golang.org/x/text v0.42.0 h1:JbOZXgfeCPU9gacVtYliJqOhD+zhrEqK4LfdpmlUZqI=
golang.org/x/text v0.42.0/go.mod h1:ojzP1Z+2QtioaF8DTtO8K5q7JWVVYwZKenzujK0Zd0E=
golang.org/x/tools v0.49.0 h1:3NI7VXzL9+1WZD52Dx2ttoPwD5DWrFGpl9mFZDlmisI=
golang.org/x/tools v0.49.0/go.mod h1:SJNXV9DBKT0UbdttsQjbfJlAE/q+y36++zo3uL3N0Oo=
gopkg.in/yaml.v3 v3.0.1 h1:fxVm/GzAzEWqLHuvctI91KS9hhNmmWOoWu0XTYJS7CA=
gopkg.in/yaml.v3 v3.0.1/go.mod h1:K4uyk7z7BCEPqu6E+C64Yfv1cQ7kz7rIZviUmN+EgEM=
